// !$*UTF8*$!
{
	archiveVersion = 1;
	classes = {
	};
	objectVersion = 48;
	objects = {

/* Begin PBXBuildFile section */
		784745AE1F8CA9D200BA8000 /* MainVC.swift in Sources */ = {isa = PBXBuildFile; fileRef = 784745AD1F8CA9D200BA8000 /* MainVC.swift */; };
		78C1A06E1F8C9FE300945FB7 /* AppDelegate.swift in Sources */ = {isa = PBXBuildFile; fileRef = 78C1A06D1F8C9FE300945FB7 /* AppDelegate.swift */; };
		78C1A0701F8C9FE300945FB7 /* ContainerVC.swift in Sources */ = {isa = PBXBuildFile; fileRef = 78C1A06F1F8C9FE300945FB7 /* ContainerVC.swift */; };
		78C1A0731F8C9FE300945FB7 /* Main.storyboard in Resources */ = {isa = PBXBuildFile; fileRef = 78C1A0711F8C9FE300945FB7 /* Main.storyboard */; };
		78C1A0751F8C9FE300945FB7 /* Assets.xcassets in Resources */ = {isa = PBXBuildFile; fileRef = 78C1A0741F8C9FE300945FB7 /* Assets.xcassets */; };
		78C1A0781F8C9FE300945FB7 /* LaunchScreen.storyboard in Resources */ = {isa = PBXBuildFile; fileRef = 78C1A0761F8C9FE300945FB7 /* LaunchScreen.storyboard */; };
		78C1A0801F8CA46E00945FB7 /* SideMenuVC.swift in Sources */ = {isa = PBXBuildFile; fileRef = 78C1A07F1F8CA46E00945FB7 /* SideMenuVC.swift */; };
/* End PBXBuildFile section */

/* Begin PBXFileReference section */
		784745AD1F8CA9D200BA8000 /* MainVC.swift */ = {isa = PBXFileReference; lastKnownFileType = sourcecode.swift; path = MainVC.swift; sourceTree = "<group>"; };
		78C1A06A1F8C9FE300945FB7 /* SideDrawerSwift4.app */ = {isa = PBXFileReference; explicitFileType = wrapper.application; includeInIndex = 0; path = SideDrawerSwift4.app; sourceTree = BUILT_PRODUCTS_DIR; };
		78C1A06D1F8C9FE300945FB7 /* AppDelegate.swift */ = {isa = PBXFileReference; lastKnownFileType = sourcecode.swift; path = AppDelegate.swift; sourceTree = "<group>"; };
		78C1A06F1F8C9FE300945FB7 /* ContainerVC.swift */ = {isa = PBXFileReference; lastKnownFileType = sourcecode.swift; path = ContainerVC.swift; sourceTree = "<group>"; };
		78C1A0721F8C9FE300945FB7 /* Base */ = {isa = PBXFileReference; lastKnownFileType = file.storyboard; name = Base; path = Base.lproj/Main.storyboard; sourceTree = "<group>"; };
		78C1A0741F8C9FE300945FB7 /* Assets.xcassets */ = {isa = PBXFileReference; lastKnownFileType = folder.assetcatalog; path = Assets.xcassets; sourceTree = "<group>"; };
		78C1A0771F8C9FE300945FB7 /* Base */ = {isa = PBXFileReference; lastKnownFileType = file.storyboard; name = Base; path = Base.lproj/LaunchScreen.storyboard; sourceTree = "<group>"; };
		78C1A0791F8C9FE300945FB7 /* Info.plist */ = {isa = PBXFileReference; lastKnownFileType = text.plist.xml; path = Info.plist; sourceTree = "<group>"; };
		78C1A07F1F8CA46E00945FB7 /* SideMenuVC.swift */ = {isa = PBXFileReference; lastKnownFileType = sourcecode.swift; path = SideMenuVC.swift; sourceTree = "<group>"; };
/* End PBXFileReference section */

/* Begin PBXFrameworksBuildPhase section */
		78C1A0671F8C9FE300945FB7 /* Frameworks */ = {
			isa = PBXFrameworksBuildPhase;
			buildActionMask = 2147483647;
			files = (
			);
			runOnlyForDeploymentPostprocessing = 0;
		};
/* End PBXFrameworksBuildPhase section */

/* Begin PBXGroup section */
		78C1A0611F8C9FE300945FB7 = {
			isa = PBXGroup;
			children = (
				78C1A06C1F8C9FE300945FB7 /* SideDrawerSwift4 */,
				78C1A06B1F8C9FE300945FB7 /* Products */,
			);
			sourceTree = "<group>";
		};
		78C1A06B1F8C9FE300945FB7 /* Products */ = {
			isa = PBXGroup;
			children = (
				78C1A06A1F8C9FE300945FB7 /* SideDrawerSwift4.app */,
			);
			name = Products;
			sourceTree = "<group>";
		};
		78C1A06C1F8C9FE300945FB7 /* SideDrawerSwift4 */ = {
			isa = PBXGroup;
			children = (
				78C1A06D1F8C9FE300945FB7 /* AppDelegate.swift */,
				78C1A07F1F8CA46E00945FB7 /* SideMenuVC.swift */,
				78C1A06F1F8C9FE300945FB7 /* ContainerVC.swift */,
				784745AD1F8CA9D200BA8000 /* MainVC.swift */,
				78C1A0711F8C9FE300945FB7 /* Main.storyboard */,
				78C1A0741F8C9FE300945FB7 /* Assets.xcassets */,
				78C1A0761F8C9FE300945FB7 /* LaunchScreen.storyboard */,
				78C1A0791F8C9FE300945FB7 /* Info.plist */,
			);
			path = SideDrawerSwift4;
			sourceTree = "<group>";
		};
/* End PBXGroup section */

/* Begin PBXNativeTarget section */
		78C1A0691F8C9FE300945FB7 /* SideDrawerSwift4 */ = {
			isa = PBXNativeTarget;
			buildConfigurationList = 78C1A07C1F8C9FE300945FB7 /* Build configuration list for PBXNativeTarget "SideDrawerSwift4" */;
			buildPhases = (
				78C1A0661F8C9FE300945FB7 /* Sources */,
				78C1A0671F8C9FE300945FB7 /* Frameworks */,
				78C1A0681F8C9FE300945FB7 /* Resources */,
			);
			buildRules = (
			);
			dependencies = (
			);
			name = SideDrawerSwift4;
			productName = SideDrawerSwift4;
			productReference = 78C1A06A1F8C9FE300945FB7 /* SideDrawerSwift4.app */;
			productType = "com.apple.product-type.application";
		};
/* End PBXNativeTarget section */

/* Begin PBXProject section */
		78C1A0621F8C9FE300945FB7 /* Project object */ = {
			isa = PBXProject;
			attributes = {
				LastSwiftUpdateCheck = 0900;
				LastUpgradeCheck = 0900;
				ORGANIZATIONNAME = Tushar;
				TargetAttributes = {
					78C1A0691F8C9FE300945FB7 = {
						CreatedOnToolsVersion = 9.0;
						ProvisioningStyle = Automatic;
					};
				};
			};
			buildConfigurationList = 78C1A0651F8C9FE300945FB7 /* Build configuration list for PBXProject "SideDrawerSwift4" */;
			compatibilityVersion = "Xcode 8.0";
			developmentRegion = en;
			hasScannedForEncodings = 0;
			knownRegions = (
				en,
				Base,
			);
			mainGroup = 78C1A0611F8C9FE300945FB7;
			productRefGroup = 78C1A06B1F8C9FE300945FB7 /* Products */;
			projectDirPath = "";
			projectRoot = "";
			targets = (
				78C1A0691F8C9FE300945FB7 /* SideDrawerSwift4 */,
			);
		};
/* End PBXProject section */

/* Begin PBXResourcesBuildPhase section */
		78C1A0681F8C9FE300945FB7 /* Resources */ = {
			isa = PBXResourcesBuildPhase;
			buildActionMask = 2147483647;
			files = (
				78C1A0781F8C9FE300945FB7 /* LaunchScreen.storyboard in Resources */,
				78C1A0751F8C9FE300945FB7 /* Assets.xcassets in Resources */,
				78C1A0731F8C9FE300945FB7 /* Main.storyboard in Resources */,
			);
			runOnlyForDeploymentPostprocessing = 0;
		};
/* End PBXResourcesBuildPhase section */

/* Begin PBXSourcesBuildPhase section */
		78C1A0661F8C9FE300945FB7 /* Sources */ = {
			isa = PBXSourcesBuildPhase;
			buildActionMask = 2147483647;
			files = (
				78C1A0701F8C9FE300945FB7 /* ContainerVC.swift in Sources */,
				784745AE1F8CA9D200BA8000 /* MainVC.swift in Sources */,
				78C1A06E1F8C9FE300945FB7 /* AppDelegate.swift in Sources */,
				78C1A0801F8CA46E00945FB7 /* SideMenuVC.swift in Sources */,
			);
			runOnlyForDeploymentPostprocessing = 0;
		};
/* End PBXSourcesBuildPhase section */

/* Begin PBXVariantGroup section */
		78C1A0711F8C9FE300945FB7 /* Main.storyboard */ = {
			isa = PBXVariantGroup;
			children = (
				78C1A0721F8C9FE300945FB7 /* Base */,
			);
			name = Main.storyboard;
			sourceTree = "<group>";
		};
		78C1A0761F8C9FE300945FB7 /* LaunchScreen.storyboard */ = {
			isa = PBXVariantGroup;
			children = (
				78C1A0771F8C9FE300945FB7 /* Base */,
			);
			name = LaunchScreen.storyboard;
			sourceTree = "<group>";
		};
/* End PBXVariantGroup section */

/* Begin XCBuildConfiguration section */
		78C1A07A1F8C9FE300945FB7 /* Debug */ = {
			isa = XCBuildConfiguration;
			buildSettings = {
				ALWAYS_SEARCH_USER_PATHS = NO;
				CLANG_ANALYZER_NONNULL = YES;
				CLANG_ANALYZER_NUMBER_OBJECT_CONVERSION = YES_AGGRESSIVE;
				CLANG_CXX_LANGUAGE_STANDARD = "gnu++14";
				CLANG_CXX_LIBRARY = "libc++";
				CLANG_ENABLE_MODULES = YES;
				CLANG_ENABLE_OBJC_ARC = YES;
				CLANG_WARN_BLOCK_CAPTURE_AUTORELEASING = YES;
				CLANG_WARN_BOOL_CONVERSION = YES;
				CLANG_WARN_COMMA = YES;
				CLANG_WARN_CONSTANT_CONVERSION = YES;
				CLANG_WARN_DIRECT_OBJC_ISA_USAGE = YES_ERROR;
				CLANG_WARN_DOCUMENTATION_COMMENTS = YES;
				CLANG_WARN_EMPTY_BODY = YES;
				CLANG_WARN_ENUM_CONVERSION = YES;
				CLANG_WARN_INFINITE_RECURSION = YES;
				CLANG_WARN_INT_CONVERSION = YES;
				CLANG_WARN_NON_LITERAL_NULL_CONVERSION = YES;
				CLANG_WARN_OBJC_LITERAL_CONVERSION = YES;
				CLANG_WARN_OBJC_ROOT_CLASS = YES_ERROR;
				CLANG_WARN_RANGE_LOOP_ANALYSIS = YES;
				CLANG_WARN_STRICT_PROTOTYPES = YES;
				CLANG_WARN_SUSPICIOUS_MOVE = YES;
				CLANG_WARN_UNGUARDED_AVAILABILITY = YES_AGGRESSIVE;
				CLANG_WARN_UNREACHABLE_CODE = YES;
				CLANG_WARN__DUPLICATE_METHOD_MATCH = YES;
				CODE_SIGN_IDENTITY = "iPhone Developer";
				COPY_PHASE_STRIP = NO;
				DEBUG_INFORMATION_FORMAT = dwarf;
				ENABLE_STRICT_OBJC_MSGSEND = YES;
				ENABLE_TESTABILITY = YES;
				GCC_C_LANGUAGE_STANDARD = gnu11;
				GCC_DYNAMIC_NO_PIC = NO;
				GCC_NO_COMMON_BLOCKS = YES;
				GCC_OPTIMIZATION_LEVEL = 0;
				GCC_PREPROCESSOR_DEFINITIONS = (
					"DEBUG=1",
					"$(inherited)",
				);
				GCC_WARN_64_TO_32_BIT_CONVERSION = YES;
				GCC_WARN_ABOUT_RETURN_TYPE = YES_ERROR;
				GCC_WARN_UNDECLARED_SELECTOR = YES;
				GCC_WARN_UNINITIALIZED_AUTOS = YES_AGGRESSIVE;
				GCC_WARN_UNUSED_FUNCTION = YES;
				GCC_WARN_UNUSED_VARIABLE = YES;
				IPHONEOS_DEPLOYMENT_TARGET = 11.0;
				MTL_ENABLE_DEBUG_INFO = YES;
				ONLY_ACTIVE_ARCH = YES;
				SDKROOT = iphoneos;
				SWIFT_ACTIVE_COMPILATION_CONDITIONS = DEBUG;
				SWIFT_OPTIMIZATION_LEVEL = "-Onone";
			};
			name = Debug;
		};
		78C1A07B1F8C9FE300945FB7 /* Release */ = {
			isa = XCBuildConfiguration;
			buildSettings = {
				ALWAYS_SEARCH_USER_PATHS = NO;
				CLANG_ANALYZER_NONNULL = YES;
				CLANG_ANALYZER_NUMBER_OBJECT_CONVERSION = YES_AGGRESSIVE;
				CLANG_CXX_LANGUAGE_STANDARD = "gnu++14";
				CLANG_CXX_LIBRARY = "libc++";
				CLANG_ENABLE_MODULES = YES;
				CLANG_ENABLE_OBJC_ARC = YES;
				CLANG_WARN_BLOCK_CAPTURE_AUTORELEASING = YES;
				CLANG_WARN_BOOL_CONVERSION = YES;
				CLANG_WARN_COMMA = YES;
				CLANG_WARN_CONSTANT_CONVERSION = YES;
				CLANG_WARN_DIRECT_OBJC_ISA_USAGE = YES_ERROR;
				CLANG_WARN_DOCUMENTATION_COMMENTS = YES;
				CLANG_WARN_EMPTY_BODY = YES;
				CLANG_WARN_ENUM_CONVERSION = YES;
				CLANG_WARN_INFINITE_RECURSION = YES;
				CLANG_WARN_INT_CONVERSION = YES;
				CLANG_WARN_NON_LITERAL_NULL_CONVERSION = YES;
				CLANG_WARN_OBJC_LITERAL_CONVERSION = YES;
				CLANG_WARN_OBJC_ROOT_CLASS = YES_ERROR;
				CLANG_WARN_RANGE_LOOP_ANALYSIS = YES;
				CLANG_WARN_STRICT_PROTOTYPES = YES;
				CLANG_WARN_SUSPICIOUS_MOVE = YES;
				CLANG_WARN_UNGUARDED_AVAILABILITY = YES_AGGRESSIVE;
				CLANG_WARN_UNREACHABLE_CODE = YES;
				CLANG_WARN__DUPLICATE_METHOD_MATCH = YES;
				CODE_SIGN_IDENTITY = "iPhone Developer";
				COPY_PHASE_STRIP = NO;
				DEBUG_INFORMATION_FORMAT = "dwarf-with-dsym";
				ENABLE_NS_ASSERTIONS = NO;
				ENABLE_STRICT_OBJC_MSGSEND = YES;
				GCC_C_LANGUAGE_STANDARD = gnu11;
				GCC_NO_COMMON_BLOCKS = YES;
				GCC_WARN_64_TO_32_BIT_CONVERSION = YES;
				GCC_WARN_ABOUT_RETURN_TYPE = YES_ERROR;
				GCC_WARN_UNDECLARED_SELECTOR = YES;
				GCC_WARN_UNINITIALIZED_AUTOS = YES_AGGRESSIVE;
				GCC_WARN_UNUSED_FUNCTION = YES;
				GCC_WARN_UNUSED_VARIABLE = YES;
				IPHONEOS_DEPLOYMENT_TARGET = 11.0;
				MTL_ENABLE_DEBUG_INFO = NO;
				SDKROOT = iphoneos;
				SWIFT_OPTIMIZATION_LEVEL = "-Owholemodule";
				VALIDATE_PRODUCT = YES;
			};
			name = Release;
		};
		78C1A07D1F8C9FE300945FB7 /* Debug */ = {
			isa = XCBuildConfiguration;
			buildSettings = {
				ASSETCATALOG_COMPILER_APPICON_NAME = AppIcon;
				CODE_SIGN_STYLE = Automatic;
				DEVELOPMENT_TEAM = "";
				INFOPLIST_FILE = SideDrawerSwift4/Info.plist;
				LD_RUNPATH_SEARCH_PATHS = "$(inherited) @executable_path/Frameworks";
				PRODUCT_BUNDLE_IDENTIFIER = trush.in.SideDrawerSwift4;
				PRODUCT_NAME = "$(TARGET_NAME)";
				SWIFT_VERSION = 4.0;
				TARGETED_DEVICE_FAMILY = "1,2";
			};
			name = Debug;
		};
		78C1A07E1F8C9FE300945FB7 /* Release */ = {
			isa = XCBuildConfiguration;
			buildSettings = {
				ASSETCATALOG_COMPILER_APPICON_NAME = AppIcon;
				CODE_SIGN_STYLE = Automatic;
				DEVELOPMENT_TEAM = "";
				INFOPLIST_FILE = SideDrawerSwift4/Info.plist;
				LD_RUNPATH_SEARCH_PATHS = "$(inherited) @executable_path/Frameworks";
				PRODUCT_BUNDLE_IDENTIFIER = trush.in.SideDrawerSwift4;
				PRODUCT_NAME = "$(TARGET_NAME)";
				SWIFT_VERSION = 4.0;
				TARGETED_DEVICE_FAMILY = "1,2";
			};
			name = Release;
		};
/* End XCBuildConfiguration section */

/* Begin XCConfigurationList section */
		78C1A0651F8C9FE300945FB7 /* Build configuration list for PBXProject "SideDrawerSwift4" */ = {
			isa = XCConfigurationList;
			buildConfigurations = (
				78C1A07A1F8C9FE300945FB7 /* Debug */,
				78C1A07B1F8C9FE300945FB7 /* Release */,
			);
			defaultConfigurationIsVisible = 0;
			defaultConfigurationName = Release;
		};
		78C1A07C1F8C9FE300945FB7 /* Build configuration list for PBXNativeTarget "SideDrawerSwift4" */ = {
			isa = XCConfigurationList;
			buildConfigurations = (
				78C1A07D1F8C9FE300945FB7 /* Debug */,
				78C1A07E1F8C9FE300945FB7 /* Release */,
			);
			defaultConfigurationIsVisible = 0;
			defaultConfigurationName = Release;
		};
/* End XCConfigurationList section */
	};
	rootObject = 78C1A0621F8C9FE300945FB7 /* Project object */;
}
